
Microsoft Visual Studio Solution File, Format Version 12.00
# Visual Studio 14
VisualStudioVersion = 14.0.24720.0
MinimumVisualStudioVersion = 10.0.40219.1
Project("{FAE04EC0-301F-11D3-BF4B-00C04F79EFBC}") = "Modelo", "Modelo\Modelo.csproj", "{98AB3E84-C427-4F3D-8144-8484FA92055B}"
EndProject
Project("{FAE04EC0-301F-11D3-BF4B-00C04F79EFBC}") = "Servicios", "Servicios\Servicios.csproj", "{B3C15444-6871-4D3B-8610-ED46371A402A}"
EndProject
Project("{FAE04EC0-301F-11D3-BF4B-00C04F79EFBC}") = "UI", "UI\UI.csproj", "{A46231B9-0F5C-4937-939C-12E79E2ADCBD}"
EndProject
Project("{FAE04EC0-301F-11D3-BF4B-00C04F79EFBC}") = "Persistencia", "Persistencia\Persistencia.csproj", "{167B1131-2161-47B1-A62D-32D0CD01AAB4}"
EndProject
Project("{FAE04EC0-301F-11D3-BF4B-00C04F79EFBC}") = "PersistenciaTesting", "PersistenciaTesting\PersistenciaTesting.csproj", "{3535DD0D-2F69-4174-8E0D-178D0000D36D}"
EndProject
Global
	GlobalSection(SolutionConfigurationPlatforms) = preSolution
		Debug|Any CPU = Debug|Any CPU
		Release|Any CPU = Release|Any CPU
	EndGlobalSection
	GlobalSection(ProjectConfigurationPlatforms) = postSolution
		{98AB3E84-C427-4F3D-8144-8484FA92055B}.Debug|Any CPU.ActiveCfg = Debug|Any CPU
		{98AB3E84-C427-4F3D-8144-8484FA92055B}.Debug|Any CPU.Build.0 = Debug|Any CPU
		{98AB3E84-C427-4F3D-8144-8484FA92055B}.Release|Any CPU.ActiveCfg = Release|Any CPU
		{98AB3E84-C427-4F3D-8144-8484FA92055B}.Release|Any CPU.Build.0 = Release|Any CPU
		{B3C15444-6871-4D3B-8610-ED46371A402A}.Debug|Any CPU.ActiveCfg = Debug|Any CPU
		{B3C15444-6871-4D3B-8610-ED46371A402A}.Debug|Any CPU.Build.0 = Debug|Any CPU
		{B3C15444-6871-4D3B-8610-ED46371A402A}.Release|Any CPU.ActiveCfg = Release|Any CPU
		{B3C15444-6871-4D3B-8610-ED46371A402A}.Release|Any CPU.Build.0 = Release|Any CPU
		{A46231B9-0F5C-4937-939C-12E79E2ADCBD}.Debug|Any CPU.ActiveCfg = Debug|Any CPU
		{A46231B9-0F5C-4937-939C-12E79E2ADCBD}.Debug|Any CPU.Build.0 = Debug|Any CPU
		{A46231B9-0F5C-4937-939C-12E79E2ADCBD}.Release|Any CPU.ActiveCfg = Release|Any CPU
		{A46231B9-0F5C-4937-939C-12E79E2ADCBD}.Release|Any CPU.Build.0 = Release|Any CPU
		{167B1131-2161-47B1-A62D-32D0CD01AAB4}.Debug|Any CPU.ActiveCfg = Debug|Any CPU
		{167B1131-2161-47B1-A62D-32D0CD01AAB4}.Debug|Any CPU.Build.0 = Debug|Any CPU
		{167B1131-2161-47B1-A62D-32D0CD01AAB4}.Release|Any CPU.ActiveCfg = Release|Any CPU
		{167B1131-2161-47B1-A62D-32D0CD01AAB4}.Release|Any CPU.Build.0 = Release|Any CPU
		{3535DD0D-2F69-4174-8E0D-178D0000D36D}.Debug|Any CPU.ActiveCfg = Debug|Any CPU
		{3535DD0D-2F69-4174-8E0D-178D0000D36D}.Debug|Any CPU.Build.0 = Debug|Any CPU
		{3535DD0D-2F69-4174-8E0D-178D0000D36D}.Release|Any CPU.ActiveCfg = Release|Any CPU
		{3535DD0D-2F69-4174-8E0D-178D0000D36D}.Release|Any CPU.Build.0 = Release|Any CPU
	EndGlobalSection
	GlobalSection(SolutionProperties) = preSolution
		HideSolutionNode = FALSE
	EndGlobalSection
EndGlobal
